
Microsoft Visual Studio Solution File, Format Version 12.00
# Visual Studio Version 16
VisualStudioVersion = 16.0.31005.135
MinimumVisualStudioVersion = 10.0.40219.1
Project("{FAE04EC0-301F-11D3-BF4B-00C04F79EFBC}") = "Ef_DbFirstDemo", "Ef_DbFirstDemo\Ef_DbFirstDemo.csproj", "{2197CC5F-B8B4-4CA0-BCCD-F8F902937255}"
EndProject
Project("{FAE04EC0-301F-11D3-BF4B-00C04F79EFBC}") = "Ef_Db_FirstDemo.DataAccess", "Ef_Db_FirstDemo.DataAccess\Ef_Db_FirstDemo.DataAccess.csproj", "{3C684003-CA00-4903-A5EE-66BB9BC6F935}"
EndProject
Global
	GlobalSection(SolutionConfigurationPlatforms) = preSolution
		Debug|Any CPU = Debug|Any CPU
		Release|Any CPU = Release|Any CPU
	EndGlobalSection
	GlobalSection(ProjectConfigurationPlatforms) = postSolution
		{2197CC5F-B8B4-4CA0-BCCD-F8F902937255}.Debug|Any CPU.ActiveCfg = Debug|Any CPU
		{2197CC5F-B8B4-4CA0-BCCD-F8F902937255}.Debug|Any CPU.Build.0 = Debug|Any CPU
		{2197CC5F-B8B4-4CA0-BCCD-F8F902937255}.Release|Any CPU.ActiveCfg = Release|Any CPU
		{2197CC5F-B8B4-4CA0-BCCD-F8F902937255}.Release|Any CPU.Build.0 = Release|Any CPU
		{3C684003-CA00-4903-A5EE-66BB9BC6F935}.Debug|Any CPU.ActiveCfg = Debug|Any CPU
		{3C684003-CA00-4903-A5EE-66BB9BC6F935}.Debug|Any CPU.Build.0 = Debug|Any CPU
		{3C684003-CA00-4903-A5EE-66BB9BC6F935}.Release|Any CPU.ActiveCfg = Release|Any CPU
		{3C684003-CA00-4903-A5EE-66BB9BC6F935}.Release|Any CPU.Build.0 = Release|Any CPU
	EndGlobalSection
	GlobalSection(SolutionProperties) = preSolution
		HideSolutionNode = FALSE
	EndGlobalSection
	GlobalSection(ExtensibilityGlobals) = postSolution
		SolutionGuid = {E042BC1C-A6F0-48F3-8E49-9934288E3589}
	EndGlobalSection
EndGlobal
